
Microsoft Visual Studio Solution File, Format Version 12.00
# Visual Studio Version 17
VisualStudioVersion = 17.9.34728.123
MinimumVisualStudioVersion = 10.0.40219.1
Project("{FAE04EC0-301F-11D3-BF4B-00C04F79EFBC}") = "WhatComesNext", "WhatComesNext.csproj", "{20FD8E7F-9EED-41A9-BDA1-B3EB45491392}"
EndProject
Global
	GlobalSection(SolutionConfigurationPlatforms) = preSolution
		Debug|Any CPU = Debug|Any CPU
		Release|Any CPU = Release|Any CPU
	EndGlobalSection
	GlobalSection(ProjectConfigurationPlatforms) = postSolution
		{20FD8E7F-9EED-41A9-BDA1-B3EB45491392}.Debug|Any CPU.ActiveCfg = Debug|Any CPU
		{20FD8E7F-9EED-41A9-BDA1-B3EB45491392}.Debug|Any CPU.Build.0 = Debug|Any CPU
		{20FD8E7F-9EED-41A9-BDA1-B3EB45491392}.Release|Any CPU.ActiveCfg = Release|Any CPU
		{20FD8E7F-9EED-41A9-BDA1-B3EB45491392}.Release|Any CPU.Build.0 = Release|Any CPU
	EndGlobalSection
	GlobalSection(SolutionProperties) = preSolution
		HideSolutionNode = FALSE
	EndGlobalSection
	GlobalSection(ExtensibilityGlobals) = postSolution
		SolutionGuid = {703E7A33-CFCD-491E-A421-D5403D07DA7A}
	EndGlobalSection
EndGlobal
