
Microsoft Visual Studio Solution File, Format Version 12.00
# Visual Studio Version 17
VisualStudioVersion = 17.10.35013.160
MinimumVisualStudioVersion = 10.0.40219.1
Project("{FAE04EC0-301F-11D3-BF4B-00C04F79EFBC}") = "TheSieve", "TheSieve.csproj", "{49474ACF-5766-4176-B0A5-B40F4B7EC71B}"
EndProject
Global
	GlobalSection(SolutionConfigurationPlatforms) = preSolution
		Debug|Any CPU = Debug|Any CPU
		Release|Any CPU = Release|Any CPU
	EndGlobalSection
	GlobalSection(ProjectConfigurationPlatforms) = postSolution
		{49474ACF-5766-4176-B0A5-B40F4B7EC71B}.Debug|Any CPU.ActiveCfg = Debug|Any CPU
		{49474ACF-5766-4176-B0A5-B40F4B7EC71B}.Debug|Any CPU.Build.0 = Debug|Any CPU
		{49474ACF-5766-4176-B0A5-B40F4B7EC71B}.Release|Any CPU.ActiveCfg = Release|Any CPU
		{49474ACF-5766-4176-B0A5-B40F4B7EC71B}.Release|Any CPU.Build.0 = Release|Any CPU
	EndGlobalSection
	GlobalSection(SolutionProperties) = preSolution
		HideSolutionNode = FALSE
	EndGlobalSection
	GlobalSection(ExtensibilityGlobals) = postSolution
		SolutionGuid = {44EAE6CF-F424-40FE-B123-7646A8943DC4}
	EndGlobalSection
EndGlobal
