
Microsoft Visual Studio Solution File, Format Version 12.00
# Visual Studio Version 17
VisualStudioVersion = 17.10.34928.147
MinimumVisualStudioVersion = 10.0.40219.1
Project("{FAE04EC0-301F-11D3-BF4B-00C04F79EFBC}") = "TakingANumber", "TakingANumber.csproj", "{AF4644DF-5535-45A4-A101-DACAA148069D}"
EndProject
Global
	GlobalSection(SolutionConfigurationPlatforms) = preSolution
		Debug|Any CPU = Debug|Any CPU
		Release|Any CPU = Release|Any CPU
	EndGlobalSection
	GlobalSection(ProjectConfigurationPlatforms) = postSolution
		{AF4644DF-5535-45A4-A101-DACAA148069D}.Debug|Any CPU.ActiveCfg = Debug|Any CPU
		{AF4644DF-5535-45A4-A101-DACAA148069D}.Debug|Any CPU.Build.0 = Debug|Any CPU
		{AF4644DF-5535-45A4-A101-DACAA148069D}.Release|Any CPU.ActiveCfg = Release|Any CPU
		{AF4644DF-5535-45A4-A101-DACAA148069D}.Release|Any CPU.Build.0 = Release|Any CPU
	EndGlobalSection
	GlobalSection(SolutionProperties) = preSolution
		HideSolutionNode = FALSE
	EndGlobalSection
	GlobalSection(ExtensibilityGlobals) = postSolution
		SolutionGuid = {4C397810-3A4D-495A-9940-06221811AE9C}
	EndGlobalSection
EndGlobal
