
Microsoft Visual Studio Solution File, Format Version 12.00
# Visual Studio Version 17
VisualStudioVersion = 17.10.35004.147
MinimumVisualStudioVersion = 10.0.40219.1
Project("{FAE04EC0-301F-11D3-BF4B-00C04F79EFBC}") = "ListsOfCommands", "ListsOfCommands.csproj", "{6F68F968-3A88-4B42-A539-30F2DCD1D885}"
EndProject
Global
	GlobalSection(SolutionConfigurationPlatforms) = preSolution
		Debug|Any CPU = Debug|Any CPU
		Release|Any CPU = Release|Any CPU
	EndGlobalSection
	GlobalSection(ProjectConfigurationPlatforms) = postSolution
		{6F68F968-3A88-4B42-A539-30F2DCD1D885}.Debug|Any CPU.ActiveCfg = Debug|Any CPU
		{6F68F968-3A88-4B42-A539-30F2DCD1D885}.Debug|Any CPU.Build.0 = Debug|Any CPU
		{6F68F968-3A88-4B42-A539-30F2DCD1D885}.Release|Any CPU.ActiveCfg = Release|Any CPU
		{6F68F968-3A88-4B42-A539-30F2DCD1D885}.Release|Any CPU.Build.0 = Release|Any CPU
	EndGlobalSection
	GlobalSection(SolutionProperties) = preSolution
		HideSolutionNode = FALSE
	EndGlobalSection
	GlobalSection(ExtensibilityGlobals) = postSolution
		SolutionGuid = {FA99DA6E-398E-4AF5-BF11-62DEBC51E164}
	EndGlobalSection
EndGlobal
