
Microsoft Visual Studio Solution File, Format Version 12.00
# Visual Studio Version 17
VisualStudioVersion = 17.10.35004.147
MinimumVisualStudioVersion = 10.0.40219.1
Project("{FAE04EC0-301F-11D3-BF4B-00C04F79EFBC}") = "ExceptisGame", "ExceptisGame.csproj", "{C6AD64EA-5015-4920-AB0E-285527D56D89}"
EndProject
Global
	GlobalSection(SolutionConfigurationPlatforms) = preSolution
		Debug|Any CPU = Debug|Any CPU
		Release|Any CPU = Release|Any CPU
	EndGlobalSection
	GlobalSection(ProjectConfigurationPlatforms) = postSolution
		{C6AD64EA-5015-4920-AB0E-285527D56D89}.Debug|Any CPU.ActiveCfg = Debug|Any CPU
		{C6AD64EA-5015-4920-AB0E-285527D56D89}.Debug|Any CPU.Build.0 = Debug|Any CPU
		{C6AD64EA-5015-4920-AB0E-285527D56D89}.Release|Any CPU.ActiveCfg = Release|Any CPU
		{C6AD64EA-5015-4920-AB0E-285527D56D89}.Release|Any CPU.Build.0 = Release|Any CPU
	EndGlobalSection
	GlobalSection(SolutionProperties) = preSolution
		HideSolutionNode = FALSE
	EndGlobalSection
	GlobalSection(ExtensibilityGlobals) = postSolution
		SolutionGuid = {5B6DB49A-D4E6-4574-AF84-67C241B8CE98}
	EndGlobalSection
EndGlobal
