
Microsoft Visual Studio Solution File, Format Version 12.00
# Visual Studio Version 17
VisualStudioVersion = 17.9.34728.123
MinimumVisualStudioVersion = 10.0.40219.1
Project("{FAE04EC0-301F-11D3-BF4B-00C04F79EFBC}") = "TheDefenseOfConsolas", "TheDefenseOfConsolas.csproj", "{4C3C4B7C-B9C3-4C6A-B618-761F72A2212F}"
EndProject
Global
	GlobalSection(SolutionConfigurationPlatforms) = preSolution
		Debug|Any CPU = Debug|Any CPU
		Release|Any CPU = Release|Any CPU
	EndGlobalSection
	GlobalSection(ProjectConfigurationPlatforms) = postSolution
		{4C3C4B7C-B9C3-4C6A-B618-761F72A2212F}.Debug|Any CPU.ActiveCfg = Debug|Any CPU
		{4C3C4B7C-B9C3-4C6A-B618-761F72A2212F}.Debug|Any CPU.Build.0 = Debug|Any CPU
		{4C3C4B7C-B9C3-4C6A-B618-761F72A2212F}.Release|Any CPU.ActiveCfg = Release|Any CPU
		{4C3C4B7C-B9C3-4C6A-B618-761F72A2212F}.Release|Any CPU.Build.0 = Release|Any CPU
	EndGlobalSection
	GlobalSection(SolutionProperties) = preSolution
		HideSolutionNode = FALSE
	EndGlobalSection
	GlobalSection(ExtensibilityGlobals) = postSolution
		SolutionGuid = {413C0792-B655-483C-8729-017E083AF815}
	EndGlobalSection
EndGlobal
