
Microsoft Visual Studio Solution File, Format Version 12.00
# Visual Studio Version 17
VisualStudioVersion = 17.9.34728.123
MinimumVisualStudioVersion = 10.0.40219.1
Project("{FAE04EC0-301F-11D3-BF4B-00C04F79EFBC}") = "ThePrototype", "ThePrototype.csproj", "{C103B17E-E2F0-413D-80CE-2664DFF65958}"
EndProject
Global
	GlobalSection(SolutionConfigurationPlatforms) = preSolution
		Debug|Any CPU = Debug|Any CPU
		Release|Any CPU = Release|Any CPU
	EndGlobalSection
	GlobalSection(ProjectConfigurationPlatforms) = postSolution
		{C103B17E-E2F0-413D-80CE-2664DFF65958}.Debug|Any CPU.ActiveCfg = Debug|Any CPU
		{C103B17E-E2F0-413D-80CE-2664DFF65958}.Debug|Any CPU.Build.0 = Debug|Any CPU
		{C103B17E-E2F0-413D-80CE-2664DFF65958}.Release|Any CPU.ActiveCfg = Release|Any CPU
		{C103B17E-E2F0-413D-80CE-2664DFF65958}.Release|Any CPU.Build.0 = Release|Any CPU
	EndGlobalSection
	GlobalSection(SolutionProperties) = preSolution
		HideSolutionNode = FALSE
	EndGlobalSection
	GlobalSection(ExtensibilityGlobals) = postSolution
		SolutionGuid = {B6D60A7D-CA25-4452-94E3-FC28BAA95644}
	EndGlobalSection
EndGlobal
