
Microsoft Visual Studio Solution File, Format Version 12.00
# Visual Studio Version 17
VisualStudioVersion = 17.9.34728.123
MinimumVisualStudioVersion = 10.0.40219.1
Project("{FAE04EC0-301F-11D3-BF4B-00C04F79EFBC}") = "HelloWorld", "HelloWorld.csproj", "{600B7FB4-38FA-4920-B5CE-582AB04515D4}"
EndProject
Global
	GlobalSection(SolutionConfigurationPlatforms) = preSolution
		Debug|Any CPU = Debug|Any CPU
		Release|Any CPU = Release|Any CPU
	EndGlobalSection
	GlobalSection(ProjectConfigurationPlatforms) = postSolution
		{600B7FB4-38FA-4920-B5CE-582AB04515D4}.Debug|Any CPU.ActiveCfg = Debug|Any CPU
		{600B7FB4-38FA-4920-B5CE-582AB04515D4}.Debug|Any CPU.Build.0 = Debug|Any CPU
		{600B7FB4-38FA-4920-B5CE-582AB04515D4}.Release|Any CPU.ActiveCfg = Release|Any CPU
		{600B7FB4-38FA-4920-B5CE-582AB04515D4}.Release|Any CPU.Build.0 = Release|Any CPU
	EndGlobalSection
	GlobalSection(SolutionProperties) = preSolution
		HideSolutionNode = FALSE
	EndGlobalSection
	GlobalSection(ExtensibilityGlobals) = postSolution
		SolutionGuid = {DABA29B7-558E-4772-9BB7-FCCBAAC53A46}
	EndGlobalSection
EndGlobal
